# This file is automatically @generated by Cargo.
# It is not intended for manual editing.
version = 3

[[package]]
name = "darling"
version = "0.13.4"
source = "registry+https://github.com/rust-lang/crates.io-index"
checksum = "a01d95850c592940db9b8194bc39f4bc0e89dee5c4265e4b1807c34a9aba453c"
dependencies = [
 "darling_core",
 "darling_macro",
]

[[package]]
name = "darling_core"
version = "0.13.4"
source = "registry+https://github.com/rust-lang/crates.io-index"
checksum = "859d65a907b6852c9361e3185c862aae7fafd2887876799fa55f5f99dc40d610"
dependencies = [
 "fnv",
 "ident_case",
 "proc-macro2",
 "quote",
 "strsim",
 "syn",
]

[[package]]
name = "darling_macro"
version = "0.13.4"
source = "registry+https://github.com/rust-lang/crates.io-index"
checksum = "9c972679f83bdf9c42bd905396b6c3588a843a17f0f16dfcfa3e2c5d57441835"
dependencies = [
 "darling_core",
 "quote",
 "syn",
]

[[package]]
name = "fnv"
version = "1.0.7"
source = "registry+https://github.com/rust-lang/crates.io-index"
checksum = "3f9eec918d3f24069decb9af1554cad7c880e2da24a9afd88aca000531ab82c1"

[[package]]
name = "heck"
version = "0.4.0"
source = "registry+https://github.com/rust-lang/crates.io-index"
checksum = "2540771e65fc8cb83cd6e8a237f70c319bd5c29f78ed1084ba5d50eeac86f7f9"

[[package]]
name = "ident_case"
version = "1.0.1"
source = "registry+https://github.com/rust-lang/crates.io-index"
checksum = "b9e0384b61958566e926dc50660321d12159025e767c18e043daf26b70104c39"

[[package]]
name = "interoptopus"
version = "0.14.13"
source = "registry+https://github.com/rust-lang/crates.io-index"
checksum = "133390a43736d563e83c86710b92b9501e842e67466914cdb6bfa379c9c3a386"
dependencies = [
 "interoptopus_proc",
]

[[package]]
name = "interoptopus_backend_c"
version = "0.14.13"
source = "registry+https://github.com/rust-lang/crates.io-index"
checksum = "3db66d63288e1ed4096798bcf52d8eed9eb755e201558903d4ff94621b668585"
dependencies = [
 "heck",
 "interoptopus",
]

[[package]]
name = "interoptopus_backend_cpython"
version = "0.14.13"
source = "registry+https://github.com/rust-lang/crates.io-index"
checksum = "46be95768e4fa07d9ceec289d62223201f1836d1f23f193f650b49ed203b2229"
dependencies = [
 "interoptopus",
]

[[package]]
name = "interoptopus_backend_csharp"
version = "0.14.13"
source = "registry+https://github.com/rust-lang/crates.io-index"
checksum = "ef55b2ded05a0ceffbee71d5c5c6959b5f590cda3b2f797958d7fc451617f6da"
dependencies = [
 "heck",
 "interoptopus",
]

[[package]]
name = "interoptopus_proc"
version = "0.14.9"
source = "registry+https://github.com/rust-lang/crates.io-index"
checksum = "e2b2ad0cd688b1e0e1830cef008fd1d67e528903f449d472a0a52ea94d28fa06"
dependencies = [
 "darling",
 "proc-macro2",
 "quote",
 "syn",
]

[[package]]
name = "proc-macro2"
version = "1.0.43"
source = "registry+https://github.com/rust-lang/crates.io-index"
checksum = "0a2ca2c61bc9f3d74d2886294ab7b9853abd9c1ad903a3ac7815c58989bb7bab"
dependencies = [
 "unicode-ident",
]

[[package]]
name = "quote"
version = "1.0.21"
source = "registry+https://github.com/rust-lang/crates.io-index"
checksum = "bbe448f377a7d6961e30f5955f9b8d106c3f5e449d493ee1b125c1d43c2b5179"
dependencies = [
 "proc-macro2",
]

[[package]]
name = "rosu-pp"
version = "0.8.0"
source = "registry+https://github.com/rust-lang/crates.io-index"
checksum = "238725936123d4c42c3a4492397d02614798de0881008e7377d78d5db7e0e042"

[[package]]
name = "rosu-pp-ffi"
version = "0.1.0"
dependencies = [
 "interoptopus",
 "interoptopus_backend_c",
 "interoptopus_backend_cpython",
 "interoptopus_backend_csharp",
 "rosu-pp",
]

[[package]]
name = "strsim"
version = "0.10.0"
source = "registry+https://github.com/rust-lang/crates.io-index"
checksum = "73473c0e59e6d5812c5dfe2a064a6444949f089e20eec9a2e5506596494e4623"

[[package]]
name = "syn"
version = "1.0.99"
source = "registry+https://github.com/rust-lang/crates.io-index"
checksum = "58dbef6ec655055e20b86b15a8cc6d439cca19b667537ac6a1369572d151ab13"
dependencies = [
 "proc-macro2",
 "quote",
 "unicode-ident",
]

[[package]]
name = "unicode-ident"
version = "1.0.3"
source = "registry+https://github.com/rust-lang/crates.io-index"
checksum = "c4f5b37a154999a8f3f98cc23a628d850e154479cd94decf3414696e12e31aaf"
